// !$*UTF8*$!
{
	archiveVersion = 1;
	classes = {
	};
	objectVersion = 48;
	objects = {

/* Begin PBXBuildFile section */
		1E4D51F91FAFE2DB004AC8F8 /* AppDelegate.swift in Sources */ = {isa = PBXBuildFile; fileRef = 1E4D51F81FAFE2DB004AC8F8 /* AppDelegate.swift */; };
		1E4D51FB1FAFE2DB004AC8F8 /* ViewController.swift in Sources */ = {isa = PBXBuildFile; fileRef = 1E4D51FA1FAFE2DB004AC8F8 /* ViewController.swift */; };
		1E4D51FE1FAFE2DB004AC8F8 /* Main.storyboard in Resources */ = {isa = PBXBuildFile; fileRef = 1E4D51FC1FAFE2DB004AC8F8 /* Main.storyboard */; };
		1E4D52001FAFE2DB004AC8F8 /* Assets.xcassets in Resources */ = {isa = PBXBuildFile; fileRef = 1E4D51FF1FAFE2DB004AC8F8 /* Assets.xcassets */; };
		1E4D52031FAFE2DB004AC8F8 /* LaunchScreen.storyboard in Resources */ = {isa = PBXBuildFile; fileRef = 1E4D52011FAFE2DB004AC8F8 /* LaunchScreen.storyboard */; };
		1E4D520E1FAFE2DB004AC8F8 /* BlankSpacesTests.swift in Sources */ = {isa = PBXBuildFile; fileRef = 1E4D520D1FAFE2DB004AC8F8 /* BlankSpacesTests.swift */; };
		1E4D52191FAFE2DB004AC8F8 /* BlankSpacesUITests.swift in Sources */ = {isa = PBXBuildFile; fileRef = 1E4D52181FAFE2DB004AC8F8 /* BlankSpacesUITests.swift */; };
		45CAFD46E1952D273E5D127F /* Pods_BlankSpacesUITests.framework in Frameworks */ = {isa = PBXBuildFile; fileRef = F7EA623C956A2DBB076675AF /* Pods_BlankSpacesUITests.framework */; };
		A4E291A71A43201576367772 /* Pods_BlankSpacesTests.framework in Frameworks */ = {isa = PBXBuildFile; fileRef = 81FF98FA40DE9E34C7CFAD4A /* Pods_BlankSpacesTests.framework */; };
		F4433DDA5E363D3B6606335F /* Pods_BlankSpaces.framework in Frameworks */ = {isa = PBXBuildFile; fileRef = E097689D5DF23C0909C9E756 /* Pods_BlankSpaces.framework */; };
/* End PBXBuildFile section */

/* Begin PBXContainerItemProxy section */
		1E4D520A1FAFE2DB004AC8F8 /* PBXContainerItemProxy */ = {
			isa = PBXContainerItemProxy;
			containerPortal = 1E4D51ED1FAFE2DA004AC8F8 /* Project object */;
			proxyType = 1;
			remoteGlobalIDString = 1E4D51F41FAFE2DB004AC8F8;
			remoteInfo = BlankSpaces;
		};
		1E4D52151FAFE2DB004AC8F8 /* PBXContainerItemProxy */ = {
			isa = PBXContainerItemProxy;
			containerPortal = 1E4D51ED1FAFE2DA004AC8F8 /* Project object */;
			proxyType = 1;
			remoteGlobalIDString = 1E4D51F41FAFE2DB004AC8F8;
			remoteInfo = BlankSpaces;
		};
/* End PBXContainerItemProxy section */

/* Begin PBXFileReference section */
		1E4D51F51FAFE2DB004AC8F8 /* BlankSpaces.app */ = {isa = PBXFileReference; explicitFileType = wrapper.application; includeInIndex = 0; path = BlankSpaces.app; sourceTree = BUILT_PRODUCTS_DIR; };
		1E4D51F81FAFE2DB004AC8F8 /* AppDelegate.swift */ = {isa = PBXFileReference; lastKnownFileType = sourcecode.swift; path = AppDelegate.swift; sourceTree = "<group>"; };
		1E4D51FA1FAFE2DB004AC8F8 /* ViewController.swift */ = {isa = PBXFileReference; lastKnownFileType = sourcecode.swift; path = ViewController.swift; sourceTree = "<group>"; };
		1E4D51FD1FAFE2DB004AC8F8 /* Base */ = {isa = PBXFileReference; lastKnownFileType = file.storyboard; name = Base; path = Base.lproj/Main.storyboard; sourceTree = "<group>"; };
		1E4D51FF1FAFE2DB004AC8F8 /* Assets.xcassets */ = {isa = PBXFileReference; lastKnownFileType = folder.assetcatalog; path = Assets.xcassets; sourceTree = "<group>"; };
		1E4D52021FAFE2DB004AC8F8 /* Base */ = {isa = PBXFileReference; lastKnownFileType = file.storyboard; name = Base; path = Base.lproj/LaunchScreen.storyboard; sourceTree = "<group>"; };
		1E4D52041FAFE2DB004AC8F8 /* Info.plist */ = {isa = PBXFileReference; lastKnownFileType = text.plist.xml; path = Info.plist; sourceTree = "<group>"; };
		1E4D52091FAFE2DB004AC8F8 /* BlankSpacesTests.xctest */ = {isa = PBXFileReference; explicitFileType = wrapper.cfbundle; includeInIndex = 0; path = BlankSpacesTests.xctest; sourceTree = BUILT_PRODUCTS_DIR; };
		1E4D520D1FAFE2DB004AC8F8 /* BlankSpacesTests.swift */ = {isa = PBXFileReference; lastKnownFileType = sourcecode.swift; path = BlankSpacesTests.swift; sourceTree = "<group>"; };
		1E4D520F1FAFE2DB004AC8F8 /* Info.plist */ = {isa = PBXFileReference; lastKnownFileType = text.plist.xml; path = Info.plist; sourceTree = "<group>"; };
		1E4D52141FAFE2DB004AC8F8 /* BlankSpacesUITests.xctest */ = {isa = PBXFileReference; explicitFileType = wrapper.cfbundle; includeInIndex = 0; path = BlankSpacesUITests.xctest; sourceTree = BUILT_PRODUCTS_DIR; };
		1E4D52181FAFE2DB004AC8F8 /* BlankSpacesUITests.swift */ = {isa = PBXFileReference; lastKnownFileType = sourcecode.swift; path = BlankSpacesUITests.swift; sourceTree = "<group>"; };
		1E4D521A1FAFE2DB004AC8F8 /* Info.plist */ = {isa = PBXFileReference; lastKnownFileType = text.plist.xml; path = Info.plist; sourceTree = "<group>"; };
		5722112FA56CFA243F662517 /* Pods-BlankSpacesUITests.release.xcconfig */ = {isa = PBXFileReference; includeInIndex = 1; lastKnownFileType = text.xcconfig; name = "Pods-BlankSpacesUITests.release.xcconfig"; path = "Pods/Target Support Files/Pods-BlankSpacesUITests/Pods-BlankSpacesUITests.release.xcconfig"; sourceTree = "<group>"; };
		5AE49A72F58F2A0DE81CCD0C /* Pods-BlankSpaces.debug.xcconfig */ = {isa = PBXFileReference; includeInIndex = 1; lastKnownFileType = text.xcconfig; name = "Pods-BlankSpaces.debug.xcconfig"; path = "Pods/Target Support Files/Pods-BlankSpaces/Pods-BlankSpaces.debug.xcconfig"; sourceTree = "<group>"; };
		81FF98FA40DE9E34C7CFAD4A /* Pods_BlankSpacesTests.framework */ = {isa = PBXFileReference; explicitFileType = wrapper.framework; includeInIndex = 0; path = Pods_BlankSpacesTests.framework; sourceTree = BUILT_PRODUCTS_DIR; };
		A697E149823BF70A94566CE4 /* Pods-BlankSpaces.release.xcconfig */ = {isa = PBXFileReference; includeInIndex = 1; lastKnownFileType = text.xcconfig; name = "Pods-BlankSpaces.release.xcconfig"; path = "Pods/Target Support Files/Pods-BlankSpaces/Pods-BlankSpaces.release.xcconfig"; sourceTree = "<group>"; };
		AFC22ECD6B80527CD3546BF9 /* Pods-BlankSpacesUITests.debug.xcconfig */ = {isa = PBXFileReference; includeInIndex = 1; lastKnownFileType = text.xcconfig; name = "Pods-BlankSpacesUITests.debug.xcconfig"; path = "Pods/Target Support Files/Pods-BlankSpacesUITests/Pods-BlankSpacesUITests.debug.xcconfig"; sourceTree = "<group>"; };
		CD71AE73C7627BF038EE1102 /* Pods-BlankSpacesTests.debug.xcconfig */ = {isa = PBXFileReference; includeInIndex = 1; lastKnownFileType = text.xcconfig; name = "Pods-BlankSpacesTests.debug.xcconfig"; path = "Pods/Target Support Files/Pods-BlankSpacesTests/Pods-BlankSpacesTests.debug.xcconfig"; sourceTree = "<group>"; };
		D5B903FF6122217FEE8D089B /* Pods-BlankSpacesTests.release.xcconfig */ = {isa = PBXFileReference; includeInIndex = 1; lastKnownFileType = text.xcconfig; name = "Pods-BlankSpacesTests.release.xcconfig"; path = "Pods/Target Support Files/Pods-BlankSpacesTests/Pods-BlankSpacesTests.release.xcconfig"; sourceTree = "<group>"; };
		E097689D5DF23C0909C9E756 /* Pods_BlankSpaces.framework */ = {isa = PBXFileReference; explicitFileType = wrapper.framework; includeInIndex = 0; path = Pods_BlankSpaces.framework; sourceTree = BUILT_PRODUCTS_DIR; };
		F7EA623C956A2DBB076675AF /* Pods_BlankSpacesUITests.framework */ = {isa = PBXFileReference; explicitFileType = wrapper.framework; includeInIndex = 0; path = Pods_BlankSpacesUITests.framework; sourceTree = BUILT_PRODUCTS_DIR; };
/* End PBXFileReference section */

/* Begin PBXFrameworksBuildPhase section */
		1E4D51F21FAFE2DB004AC8F8 /* Frameworks */ = {
			isa = PBXFrameworksBuildPhase;
			buildActionMask = 2147483647;
			files = (
				F4433DDA5E363D3B6606335F /* Pods_BlankSpaces.framework in Frameworks */,
			);
			runOnlyForDeploymentPostprocessing = 0;
		};
		1E4D52061FAFE2DB004AC8F8 /* Frameworks */ = {
			isa = PBXFrameworksBuildPhase;
			buildActionMask = 2147483647;
			files = (
				A4E291A71A43201576367772 /* Pods_BlankSpacesTests.framework in Frameworks */,
			);
			runOnlyForDeploymentPostprocessing = 0;
		};
		1E4D52111FAFE2DB004AC8F8 /* Frameworks */ = {
			isa = PBXFrameworksBuildPhase;
			buildActionMask = 2147483647;
			files = (
				45CAFD46E1952D273E5D127F /* Pods_BlankSpacesUITests.framework in Frameworks */,
			);
			runOnlyForDeploymentPostprocessing = 0;
		};
/* End PBXFrameworksBuildPhase section */

/* Begin PBXGroup section */
		1E4D51EC1FAFE2DA004AC8F8 = {
			isa = PBXGroup;
			children = (
				1E4D51F71FAFE2DB004AC8F8 /* BlankSpaces */,
				1E4D520C1FAFE2DB004AC8F8 /* BlankSpacesTests */,
				1E4D52171FAFE2DB004AC8F8 /* BlankSpacesUITests */,
				1E4D51F61FAFE2DB004AC8F8 /* Products */,
				5C42D604E085426928DB2CDF /* Pods */,
				B233CDE2AB1AFEDD9FC9F889 /* Frameworks */,
			);
			sourceTree = "<group>";
		};
		1E4D51F61FAFE2DB004AC8F8 /* Products */ = {
			isa = PBXGroup;
			children = (
				1E4D51F51FAFE2DB004AC8F8 /* BlankSpaces.app */,
				1E4D52091FAFE2DB004AC8F8 /* BlankSpacesTests.xctest */,
				1E4D52141FAFE2DB004AC8F8 /* BlankSpacesUITests.xctest */,
			);
			name = Products;
			sourceTree = "<group>";
		};
		1E4D51F71FAFE2DB004AC8F8 /* BlankSpaces */ = {
			isa = PBXGroup;
			children = (
				1E4D51F81FAFE2DB004AC8F8 /* AppDelegate.swift */,
				1E4D51FA1FAFE2DB004AC8F8 /* ViewController.swift */,
				1E4D51FC1FAFE2DB004AC8F8 /* Main.storyboard */,
				1E4D51FF1FAFE2DB004AC8F8 /* Assets.xcassets */,
				1E4D52011FAFE2DB004AC8F8 /* LaunchScreen.storyboard */,
				1E4D52041FAFE2DB004AC8F8 /* Info.plist */,
			);
			path = BlankSpaces;
			sourceTree = "<group>";
		};
		1E4D520C1FAFE2DB004AC8F8 /* BlankSpacesTests */ = {
			isa = PBXGroup;
			children = (
				1E4D520D1FAFE2DB004AC8F8 /* BlankSpacesTests.swift */,
				1E4D520F1FAFE2DB004AC8F8 /* Info.plist */,
			);
			path = BlankSpacesTests;
			sourceTree = "<group>";
		};
		1E4D52171FAFE2DB004AC8F8 /* BlankSpacesUITests */ = {
			isa = PBXGroup;
			children = (
				1E4D52181FAFE2DB004AC8F8 /* BlankSpacesUITests.swift */,
				1E4D521A1FAFE2DB004AC8F8 /* Info.plist */,
			);
			path = BlankSpacesUITests;
			sourceTree = "<group>";
		};
		5C42D604E085426928DB2CDF /* Pods */ = {
			isa = PBXGroup;
			children = (
				5AE49A72F58F2A0DE81CCD0C /* Pods-BlankSpaces.debug.xcconfig */,
				A697E149823BF70A94566CE4 /* Pods-BlankSpaces.release.xcconfig */,
				CD71AE73C7627BF038EE1102 /* Pods-BlankSpacesTests.debug.xcconfig */,
				D5B903FF6122217FEE8D089B /* Pods-BlankSpacesTests.release.xcconfig */,
				AFC22ECD6B80527CD3546BF9 /* Pods-BlankSpacesUITests.debug.xcconfig */,
				5722112FA56CFA243F662517 /* Pods-BlankSpacesUITests.release.xcconfig */,
			);
			name = Pods;
			sourceTree = "<group>";
		};
		B233CDE2AB1AFEDD9FC9F889 /* Frameworks */ = {
			isa = PBXGroup;
			children = (
				E097689D5DF23C0909C9E756 /* Pods_BlankSpaces.framework */,
				81FF98FA40DE9E34C7CFAD4A /* Pods_BlankSpacesTests.framework */,
				F7EA623C956A2DBB076675AF /* Pods_BlankSpacesUITests.framework */,
			);
			name = Frameworks;
			sourceTree = "<group>";
		};
/* End PBXGroup section */

/* Begin PBXNativeTarget section */
		1E4D51F41FAFE2DB004AC8F8 /* BlankSpaces */ = {
			isa = PBXNativeTarget;
			buildConfigurationList = 1E4D521D1FAFE2DB004AC8F8 /* Build configuration list for PBXNativeTarget "BlankSpaces" */;
			buildPhases = (
				9C03640381400C4FC6949638 /* [CP] Check Pods Manifest.lock */,
				1E4D51F11FAFE2DB004AC8F8 /* Sources */,
				1E4D51F21FAFE2DB004AC8F8 /* Frameworks */,
				1E4D51F31FAFE2DB004AC8F8 /* Resources */,
				290540D2203565A4B4309484 /* [CP] Embed Pods Frameworks */,
				9C49AC04690425FA9E12F6AB /* [CP] Copy Pods Resources */,
				1E4D52261FAFE743004AC8F8 /* ShellScript */,
			);
			buildRules = (
			);
			dependencies = (
			);
			name = BlankSpaces;
			productName = BlankSpaces;
			productReference = 1E4D51F51FAFE2DB004AC8F8 /* BlankSpaces.app */;
			productType = "com.apple.product-type.application";
		};
		1E4D52081FAFE2DB004AC8F8 /* BlankSpacesTests */ = {
			isa = PBXNativeTarget;
			buildConfigurationList = 1E4D52201FAFE2DB004AC8F8 /* Build configuration list for PBXNativeTarget "BlankSpacesTests" */;
			buildPhases = (
				969B16CBC98721A5F5C46308 /* [CP] Check Pods Manifest.lock */,
				1E4D52051FAFE2DB004AC8F8 /* Sources */,
				1E4D52061FAFE2DB004AC8F8 /* Frameworks */,
				1E4D52071FAFE2DB004AC8F8 /* Resources */,
				FE92B1AD1EBE20C4B3A7BBF5 /* [CP] Embed Pods Frameworks */,
				8864A3BB47786EFF8CEFAB8E /* [CP] Copy Pods Resources */,
			);
			buildRules = (
			);
			dependencies = (
				1E4D520B1FAFE2DB004AC8F8 /* PBXTargetDependency */,
			);
			name = BlankSpacesTests;
			productName = BlankSpacesTests;
			productReference = 1E4D52091FAFE2DB004AC8F8 /* BlankSpacesTests.xctest */;
			productType = "com.apple.product-type.bundle.unit-test";
		};
		1E4D52131FAFE2DB004AC8F8 /* BlankSpacesUITests */ = {
			isa = PBXNativeTarget;
			buildConfigurationList = 1E4D52231FAFE2DB004AC8F8 /* Build configuration list for PBXNativeTarget "BlankSpacesUITests" */;
			buildPhases = (
				F5A1241C731D9EF476A8C546 /* [CP] Check Pods Manifest.lock */,
				1E4D52101FAFE2DB004AC8F8 /* Sources */,
				1E4D52111FAFE2DB004AC8F8 /* Frameworks */,
				1E4D52121FAFE2DB004AC8F8 /* Resources */,
				75BCAB83C0DE5A63E1658AEB /* [CP] Embed Pods Frameworks */,
				B08D2B1F1ADD0E586ED29D77 /* [CP] Copy Pods Resources */,
			);
			buildRules = (
			);
			dependencies = (
				1E4D52161FAFE2DB004AC8F8 /* PBXTargetDependency */,
			);
			name = BlankSpacesUITests;
			productName = BlankSpacesUITests;
			productReference = 1E4D52141FAFE2DB004AC8F8 /* BlankSpacesUITests.xctest */;
			productType = "com.apple.product-type.bundle.ui-testing";
		};
/* End PBXNativeTarget section */

/* Begin PBXProject section */
		1E4D51ED1FAFE2DA004AC8F8 /* Project object */ = {
			isa = PBXProject;
			attributes = {
				LastSwiftUpdateCheck = 0910;
				LastUpgradeCheck = 0910;
				ORGANIZATIONNAME = "Greg Weiss";
				TargetAttributes = {
					1E4D51F41FAFE2DB004AC8F8 = {
						CreatedOnToolsVersion = 9.1;
						ProvisioningStyle = Automatic;
					};
					1E4D52081FAFE2DB004AC8F8 = {
						CreatedOnToolsVersion = 9.1;
						ProvisioningStyle = Automatic;
						TestTargetID = 1E4D51F41FAFE2DB004AC8F8;
					};
					1E4D52131FAFE2DB004AC8F8 = {
						CreatedOnToolsVersion = 9.1;
						ProvisioningStyle = Automatic;
						TestTargetID = 1E4D51F41FAFE2DB004AC8F8;
					};
				};
			};
			buildConfigurationList = 1E4D51F01FAFE2DA004AC8F8 /* Build configuration list for PBXProject "BlankSpaces" */;
			compatibilityVersion = "Xcode 8.0";
			developmentRegion = en;
			hasScannedForEncodings = 0;
			knownRegions = (
				en,
				Base,
			);
			mainGroup = 1E4D51EC1FAFE2DA004AC8F8;
			productRefGroup = 1E4D51F61FAFE2DB004AC8F8 /* Products */;
			projectDirPath = "";
			projectRoot = "";
			targets = (
				1E4D51F41FAFE2DB004AC8F8 /* BlankSpaces */,
				1E4D52081FAFE2DB004AC8F8 /* BlankSpacesTests */,
				1E4D52131FAFE2DB004AC8F8 /* BlankSpacesUITests */,
			);
		};
/* End PBXProject section */

/* Begin PBXResourcesBuildPhase section */
		1E4D51F31FAFE2DB004AC8F8 /* Resources */ = {
			isa = PBXResourcesBuildPhase;
			buildActionMask = 2147483647;
			files = (
				1E4D52031FAFE2DB004AC8F8 /* LaunchScreen.storyboard in Resources */,
				1E4D52001FAFE2DB004AC8F8 /* Assets.xcassets in Resources */,
				1E4D51FE1FAFE2DB004AC8F8 /* Main.storyboard in Resources */,
			);
			runOnlyForDeploymentPostprocessing = 0;
		};
		1E4D52071FAFE2DB004AC8F8 /* Resources */ = {
			isa = PBXResourcesBuildPhase;
			buildActionMask = 2147483647;
			files = (
			);
			runOnlyForDeploymentPostprocessing = 0;
		};
		1E4D52121FAFE2DB004AC8F8 /* Resources */ = {
			isa = PBXResourcesBuildPhase;
			buildActionMask = 2147483647;
			files = (
			);
			runOnlyForDeploymentPostprocessing = 0;
		};
/* End PBXResourcesBuildPhase section */

/* Begin PBXShellScriptBuildPhase section */
		1E4D52261FAFE743004AC8F8 /* ShellScript */ = {
			isa = PBXShellScriptBuildPhase;
			buildActionMask = 2147483647;
			files = (
			);
			inputPaths = (
			);
			outputPaths = (
			);
			runOnlyForDeploymentPostprocessing = 0;
			shellPath = /bin/sh;
			shellScript = "\"${PODS_ROOT}/SwiftLint/swiftlint\"";
		};
		290540D2203565A4B4309484 /* [CP] Embed Pods Frameworks */ = {
			isa = PBXShellScriptBuildPhase;
			buildActionMask = 2147483647;
			files = (
			);
			inputPaths = (
			);
			name = "[CP] Embed Pods Frameworks";
			outputPaths = (
			);
			runOnlyForDeploymentPostprocessing = 0;
			shellPath = /bin/sh;
			shellScript = "\"${SRCROOT}/Pods/Target Support Files/Pods-BlankSpaces/Pods-BlankSpaces-frameworks.sh\"\n";
			showEnvVarsInLog = 0;
		};
		75BCAB83C0DE5A63E1658AEB /* [CP] Embed Pods Frameworks */ = {
			isa = PBXShellScriptBuildPhase;
			buildActionMask = 2147483647;
			files = (
			);
			inputPaths = (
			);
			name = "[CP] Embed Pods Frameworks";
			outputPaths = (
			);
			runOnlyForDeploymentPostprocessing = 0;
			shellPath = /bin/sh;
			shellScript = "\"${SRCROOT}/Pods/Target Support Files/Pods-BlankSpacesUITests/Pods-BlankSpacesUITests-frameworks.sh\"\n";
			showEnvVarsInLog = 0;
		};
		8864A3BB47786EFF8CEFAB8E /* [CP] Copy Pods Resources */ = {
			isa = PBXShellScriptBuildPhase;
			buildActionMask = 2147483647;
			files = (
			);
			inputPaths = (
			);
			name = "[CP] Copy Pods Resources";
			outputPaths = (
			);
			runOnlyForDeploymentPostprocessing = 0;
			shellPath = /bin/sh;
			shellScript = "\"${SRCROOT}/Pods/Target Support Files/Pods-BlankSpacesTests/Pods-BlankSpacesTests-resources.sh\"\n";
			showEnvVarsInLog = 0;
		};
		969B16CBC98721A5F5C46308 /* [CP] Check Pods Manifest.lock */ = {
			isa = PBXShellScriptBuildPhase;
			buildActionMask = 2147483647;
			files = (
			);
			inputPaths = (
				"${PODS_PODFILE_DIR_PATH}/Podfile.lock",
				"${PODS_ROOT}/Manifest.lock",
			);
			name = "[CP] Check Pods Manifest.lock";
			outputPaths = (
				"$(DERIVED_FILE_DIR)/Pods-BlankSpacesTests-checkManifestLockResult.txt",
			);
			runOnlyForDeploymentPostprocessing = 0;
			shellPath = /bin/sh;
			shellScript = "diff \"${PODS_PODFILE_DIR_PATH}/Podfile.lock\" \"${PODS_ROOT}/Manifest.lock\" > /dev/null\nif [ $? != 0 ] ; then\n    # print error to STDERR\n    echo \"error: The sandbox is not in sync with the Podfile.lock. Run 'pod install' or update your CocoaPods installation.\" >&2\n    exit 1\nfi\n# This output is used by Xcode 'outputs' to avoid re-running this script phase.\necho \"SUCCESS\" > \"${SCRIPT_OUTPUT_FILE_0}\"\n";
			showEnvVarsInLog = 0;
		};
		9C03640381400C4FC6949638 /* [CP] Check Pods Manifest.lock */ = {
			isa = PBXShellScriptBuildPhase;
			buildActionMask = 2147483647;
			files = (
			);
			inputPaths = (
				"${PODS_PODFILE_DIR_PATH}/Podfile.lock",
				"${PODS_ROOT}/Manifest.lock",
			);
			name = "[CP] Check Pods Manifest.lock";
			outputPaths = (
				"$(DERIVED_FILE_DIR)/Pods-BlankSpaces-checkManifestLockResult.txt",
			);
			runOnlyForDeploymentPostprocessing = 0;
			shellPath = /bin/sh;
			shellScript = "diff \"${PODS_PODFILE_DIR_PATH}/Podfile.lock\" \"${PODS_ROOT}/Manifest.lock\" > /dev/null\nif [ $? != 0 ] ; then\n    # print error to STDERR\n    echo \"error: The sandbox is not in sync with the Podfile.lock. Run 'pod install' or update your CocoaPods installation.\" >&2\n    exit 1\nfi\n# This output is used by Xcode 'outputs' to avoid re-running this script phase.\necho \"SUCCESS\" > \"${SCRIPT_OUTPUT_FILE_0}\"\n";
			showEnvVarsInLog = 0;
		};
		9C49AC04690425FA9E12F6AB /* [CP] Copy Pods Resources */ = {
			isa = PBXShellScriptBuildPhase;
			buildActionMask = 2147483647;
			files = (
			);
			inputPaths = (
			);
			name = "[CP] Copy Pods Resources";
			outputPaths = (
			);
			runOnlyForDeploymentPostprocessing = 0;
			shellPath = /bin/sh;
			shellScript = "\"${SRCROOT}/Pods/Target Support Files/Pods-BlankSpaces/Pods-BlankSpaces-resources.sh\"\n";
			showEnvVarsInLog = 0;
		};
		B08D2B1F1ADD0E586ED29D77 /* [CP] Copy Pods Resources */ = {
			isa = PBXShellScriptBuildPhase;
			buildActionMask = 2147483647;
			files = (
			);
			inputPaths = (
			);
			name = "[CP] Copy Pods Resources";
			outputPaths = (
			);
			runOnlyForDeploymentPostprocessing = 0;
			shellPath = /bin/sh;
			shellScript = "\"${SRCROOT}/Pods/Target Support Files/Pods-BlankSpacesUITests/Pods-BlankSpacesUITests-resources.sh\"\n";
			showEnvVarsInLog = 0;
		};
		F5A1241C731D9EF476A8C546 /* [CP] Check Pods Manifest.lock */ = {
			isa = PBXShellScriptBuildPhase;
			buildActionMask = 2147483647;
			files = (
			);
			inputPaths = (
				"${PODS_PODFILE_DIR_PATH}/Podfile.lock",
				"${PODS_ROOT}/Manifest.lock",
			);
			name = "[CP] Check Pods Manifest.lock";
			outputPaths = (
				"$(DERIVED_FILE_DIR)/Pods-BlankSpacesUITests-checkManifestLockResult.txt",
			);
			runOnlyForDeploymentPostprocessing = 0;
			shellPath = /bin/sh;
			shellScript = "diff \"${PODS_PODFILE_DIR_PATH}/Podfile.lock\" \"${PODS_ROOT}/Manifest.lock\" > /dev/null\nif [ $? != 0 ] ; then\n    # print error to STDERR\n    echo \"error: The sandbox is not in sync with the Podfile.lock. Run 'pod install' or update your CocoaPods installation.\" >&2\n    exit 1\nfi\n# This output is used by Xcode 'outputs' to avoid re-running this script phase.\necho \"SUCCESS\" > \"${SCRIPT_OUTPUT_FILE_0}\"\n";
			showEnvVarsInLog = 0;
		};
		FE92B1AD1EBE20C4B3A7BBF5 /* [CP] Embed Pods Frameworks */ = {
			isa = PBXShellScriptBuildPhase;
			buildActionMask = 2147483647;
			files = (
			);
			inputPaths = (
			);
			name = "[CP] Embed Pods Frameworks";
			outputPaths = (
			);
			runOnlyForDeploymentPostprocessing = 0;
			shellPath = /bin/sh;
			shellScript = "\"${SRCROOT}/Pods/Target Support Files/Pods-BlankSpacesTests/Pods-BlankSpacesTests-frameworks.sh\"\n";
			showEnvVarsInLog = 0;
		};
/* End PBXShellScriptBuildPhase section */

/* Begin PBXSourcesBuildPhase section */
		1E4D51F11FAFE2DB004AC8F8 /* Sources */ = {
			isa = PBXSourcesBuildPhase;
			buildActionMask = 2147483647;
			files = (
				1E4D51FB1FAFE2DB004AC8F8 /* ViewController.swift in Sources */,
				1E4D51F91FAFE2DB004AC8F8 /* AppDelegate.swift in Sources */,
			);
			runOnlyForDeploymentPostprocessing = 0;
		};
		1E4D52051FAFE2DB004AC8F8 /* Sources */ = {
			isa = PBXSourcesBuildPhase;
			buildActionMask = 2147483647;
			files = (
				1E4D520E1FAFE2DB004AC8F8 /* BlankSpacesTests.swift in Sources */,
			);
			runOnlyForDeploymentPostprocessing = 0;
		};
		1E4D52101FAFE2DB004AC8F8 /* Sources */ = {
			isa = PBXSourcesBuildPhase;
			buildActionMask = 2147483647;
			files = (
				1E4D52191FAFE2DB004AC8F8 /* BlankSpacesUITests.swift in Sources */,
			);
			runOnlyForDeploymentPostprocessing = 0;
		};
/* End PBXSourcesBuildPhase section */

/* Begin PBXTargetDependency section */
		1E4D520B1FAFE2DB004AC8F8 /* PBXTargetDependency */ = {
			isa = PBXTargetDependency;
			target = 1E4D51F41FAFE2DB004AC8F8 /* BlankSpaces */;
			targetProxy = 1E4D520A1FAFE2DB004AC8F8 /* PBXContainerItemProxy */;
		};
		1E4D52161FAFE2DB004AC8F8 /* PBXTargetDependency */ = {
			isa = PBXTargetDependency;
			target = 1E4D51F41FAFE2DB004AC8F8 /* BlankSpaces */;
			targetProxy = 1E4D52151FAFE2DB004AC8F8 /* PBXContainerItemProxy */;
		};
/* End PBXTargetDependency section */

/* Begin PBXVariantGroup section */
		1E4D51FC1FAFE2DB004AC8F8 /* Main.storyboard */ = {
			isa = PBXVariantGroup;
			children = (
				1E4D51FD1FAFE2DB004AC8F8 /* Base */,
			);
			name = Main.storyboard;
			sourceTree = "<group>";
		};
		1E4D52011FAFE2DB004AC8F8 /* LaunchScreen.storyboard */ = {
			isa = PBXVariantGroup;
			children = (
				1E4D52021FAFE2DB004AC8F8 /* Base */,
			);
			name = LaunchScreen.storyboard;
			sourceTree = "<group>";
		};
/* End PBXVariantGroup section */

/* Begin XCBuildConfiguration section */
		1E4D521B1FAFE2DB004AC8F8 /* Debug */ = {
			isa = XCBuildConfiguration;
			buildSettings = {
				ALWAYS_SEARCH_USER_PATHS = NO;
				CLANG_ANALYZER_NONNULL = YES;
				CLANG_ANALYZER_NUMBER_OBJECT_CONVERSION = YES_AGGRESSIVE;
				CLANG_CXX_LANGUAGE_STANDARD = "gnu++14";
				CLANG_CXX_LIBRARY = "libc++";
				CLANG_ENABLE_MODULES = YES;
				CLANG_ENABLE_OBJC_ARC = YES;
				CLANG_WARN_BLOCK_CAPTURE_AUTORELEASING = YES;
				CLANG_WARN_BOOL_CONVERSION = YES;
				CLANG_WARN_COMMA = YES;
				CLANG_WARN_CONSTANT_CONVERSION = YES;
				CLANG_WARN_DIRECT_OBJC_ISA_USAGE = YES_ERROR;
				CLANG_WARN_DOCUMENTATION_COMMENTS = YES;
				CLANG_WARN_EMPTY_BODY = YES;
				CLANG_WARN_ENUM_CONVERSION = YES;
				CLANG_WARN_INFINITE_RECURSION = YES;
				CLANG_WARN_INT_CONVERSION = YES;
				CLANG_WARN_NON_LITERAL_NULL_CONVERSION = YES;
				CLANG_WARN_OBJC_LITERAL_CONVERSION = YES;
				CLANG_WARN_OBJC_ROOT_CLASS = YES_ERROR;
				CLANG_WARN_RANGE_LOOP_ANALYSIS = YES;
				CLANG_WARN_STRICT_PROTOTYPES = YES;
				CLANG_WARN_SUSPICIOUS_MOVE = YES;
				CLANG_WARN_UNGUARDED_AVAILABILITY = YES_AGGRESSIVE;
				CLANG_WARN_UNREACHABLE_CODE = YES;
				CLANG_WARN__DUPLICATE_METHOD_MATCH = YES;
				CODE_SIGN_IDENTITY = "iPhone Developer";
				COPY_PHASE_STRIP = NO;
				DEBUG_INFORMATION_FORMAT = dwarf;
				ENABLE_STRICT_OBJC_MSGSEND = YES;
				ENABLE_TESTABILITY = YES;
				GCC_C_LANGUAGE_STANDARD = gnu11;
				GCC_DYNAMIC_NO_PIC = NO;
				GCC_NO_COMMON_BLOCKS = YES;
				GCC_OPTIMIZATION_LEVEL = 0;
				GCC_PREPROCESSOR_DEFINITIONS = (
					"DEBUG=1",
					"$(inherited)",
				);
				GCC_WARN_64_TO_32_BIT_CONVERSION = YES;
				GCC_WARN_ABOUT_RETURN_TYPE = YES_ERROR;
				GCC_WARN_UNDECLARED_SELECTOR = YES;
				GCC_WARN_UNINITIALIZED_AUTOS = YES_AGGRESSIVE;
				GCC_WARN_UNUSED_FUNCTION = YES;
				GCC_WARN_UNUSED_VARIABLE = YES;
				IPHONEOS_DEPLOYMENT_TARGET = 11.1;
				MTL_ENABLE_DEBUG_INFO = YES;
				ONLY_ACTIVE_ARCH = YES;
				SDKROOT = iphoneos;
				SWIFT_ACTIVE_COMPILATION_CONDITIONS = DEBUG;
				SWIFT_OPTIMIZATION_LEVEL = "-Onone";
			};
			name = Debug;
		};
		1E4D521C1FAFE2DB004AC8F8 /* Release */ = {
			isa = XCBuildConfiguration;
			buildSettings = {
				ALWAYS_SEARCH_USER_PATHS = NO;
				CLANG_ANALYZER_NONNULL = YES;
				CLANG_ANALYZER_NUMBER_OBJECT_CONVERSION = YES_AGGRESSIVE;
				CLANG_CXX_LANGUAGE_STANDARD = "gnu++14";
				CLANG_CXX_LIBRARY = "libc++";
				CLANG_ENABLE_MODULES = YES;
				CLANG_ENABLE_OBJC_ARC = YES;
				CLANG_WARN_BLOCK_CAPTURE_AUTORELEASING = YES;
				CLANG_WARN_BOOL_CONVERSION = YES;
				CLANG_WARN_COMMA = YES;
				CLANG_WARN_CONSTANT_CONVERSION = YES;
				CLANG_WARN_DIRECT_OBJC_ISA_USAGE = YES_ERROR;
				CLANG_WARN_DOCUMENTATION_COMMENTS = YES;
				CLANG_WARN_EMPTY_BODY = YES;
				CLANG_WARN_ENUM_CONVERSION = YES;
				CLANG_WARN_INFINITE_RECURSION = YES;
				CLANG_WARN_INT_CONVERSION = YES;
				CLANG_WARN_NON_LITERAL_NULL_CONVERSION = YES;
				CLANG_WARN_OBJC_LITERAL_CONVERSION = YES;
				CLANG_WARN_OBJC_ROOT_CLASS = YES_ERROR;
				CLANG_WARN_RANGE_LOOP_ANALYSIS = YES;
				CLANG_WARN_STRICT_PROTOTYPES = YES;
				CLANG_WARN_SUSPICIOUS_MOVE = YES;
				CLANG_WARN_UNGUARDED_AVAILABILITY = YES_AGGRESSIVE;
				CLANG_WARN_UNREACHABLE_CODE = YES;
				CLANG_WARN__DUPLICATE_METHOD_MATCH = YES;
				CODE_SIGN_IDENTITY = "iPhone Developer";
				COPY_PHASE_STRIP = NO;
				DEBUG_INFORMATION_FORMAT = "dwarf-with-dsym";
				ENABLE_NS_ASSERTIONS = NO;
				ENABLE_STRICT_OBJC_MSGSEND = YES;
				GCC_C_LANGUAGE_STANDARD = gnu11;
				GCC_NO_COMMON_BLOCKS = YES;
				GCC_WARN_64_TO_32_BIT_CONVERSION = YES;
				GCC_WARN_ABOUT_RETURN_TYPE = YES_ERROR;
				GCC_WARN_UNDECLARED_SELECTOR = YES;
				GCC_WARN_UNINITIALIZED_AUTOS = YES_AGGRESSIVE;
				GCC_WARN_UNUSED_FUNCTION = YES;
				GCC_WARN_UNUSED_VARIABLE = YES;
				IPHONEOS_DEPLOYMENT_TARGET = 11.1;
				MTL_ENABLE_DEBUG_INFO = NO;
				SDKROOT = iphoneos;
				SWIFT_OPTIMIZATION_LEVEL = "-Owholemodule";
				VALIDATE_PRODUCT = YES;
			};
			name = Release;
		};
		1E4D521E1FAFE2DB004AC8F8 /* Debug */ = {
			isa = XCBuildConfiguration;
			baseConfigurationReference = 5AE49A72F58F2A0DE81CCD0C /* Pods-BlankSpaces.debug.xcconfig */;
			buildSettings = {
				ASSETCATALOG_COMPILER_APPICON_NAME = AppIcon;
				CODE_SIGN_STYLE = Automatic;
				DEVELOPMENT_TEAM = Q8WPW9BZ33;
				INFOPLIST_FILE = BlankSpaces/Info.plist;
				LD_RUNPATH_SEARCH_PATHS = "$(inherited) @executable_path/Frameworks";
				PRODUCT_BUNDLE_IDENTIFIER = com.gergusa04.BlankSpaces;
				PRODUCT_NAME = "$(TARGET_NAME)";
				SWIFT_VERSION = 4.0;
				TARGETED_DEVICE_FAMILY = "1,2";
			};
			name = Debug;
		};
		1E4D521F1FAFE2DB004AC8F8 /* Release */ = {
			isa = XCBuildConfiguration;
			baseConfigurationReference = A697E149823BF70A94566CE4 /* Pods-BlankSpaces.release.xcconfig */;
			buildSettings = {
				ASSETCATALOG_COMPILER_APPICON_NAME = AppIcon;
				CODE_SIGN_STYLE = Automatic;
				DEVELOPMENT_TEAM = Q8WPW9BZ33;
				INFOPLIST_FILE = BlankSpaces/Info.plist;
				LD_RUNPATH_SEARCH_PATHS = "$(inherited) @executable_path/Frameworks";
				PRODUCT_BUNDLE_IDENTIFIER = com.gergusa04.BlankSpaces;
				PRODUCT_NAME = "$(TARGET_NAME)";
				SWIFT_VERSION = 4.0;
				TARGETED_DEVICE_FAMILY = "1,2";
			};
			name = Release;
		};
		1E4D52211FAFE2DB004AC8F8 /* Debug */ = {
			isa = XCBuildConfiguration;
			baseConfigurationReference = CD71AE73C7627BF038EE1102 /* Pods-BlankSpacesTests.debug.xcconfig */;
			buildSettings = {
				ALWAYS_EMBED_SWIFT_STANDARD_LIBRARIES = YES;
				BUNDLE_LOADER = "$(TEST_HOST)";
				CODE_SIGN_STYLE = Automatic;
				DEVELOPMENT_TEAM = Q8WPW9BZ33;
				INFOPLIST_FILE = BlankSpacesTests/Info.plist;
				LD_RUNPATH_SEARCH_PATHS = "$(inherited) @executable_path/Frameworks @loader_path/Frameworks";
				PRODUCT_BUNDLE_IDENTIFIER = com.gergusa04.BlankSpacesTests;
				PRODUCT_NAME = "$(TARGET_NAME)";
				SWIFT_VERSION = 4.0;
				TARGETED_DEVICE_FAMILY = "1,2";
				TEST_HOST = "$(BUILT_PRODUCTS_DIR)/BlankSpaces.app/BlankSpaces";
			};
			name = Debug;
		};
		1E4D52221FAFE2DB004AC8F8 /* Release */ = {
			isa = XCBuildConfiguration;
			baseConfigurationReference = D5B903FF6122217FEE8D089B /* Pods-BlankSpacesTests.release.xcconfig */;
			buildSettings = {
				ALWAYS_EMBED_SWIFT_STANDARD_LIBRARIES = YES;
				BUNDLE_LOADER = "$(TEST_HOST)";
				CODE_SIGN_STYLE = Automatic;
				DEVELOPMENT_TEAM = Q8WPW9BZ33;
				INFOPLIST_FILE = BlankSpacesTests/Info.plist;
				LD_RUNPATH_SEARCH_PATHS = "$(inherited) @executable_path/Frameworks @loader_path/Frameworks";
				PRODUCT_BUNDLE_IDENTIFIER = com.gergusa04.BlankSpacesTests;
				PRODUCT_NAME = "$(TARGET_NAME)";
				SWIFT_VERSION = 4.0;
				TARGETED_DEVICE_FAMILY = "1,2";
				TEST_HOST = "$(BUILT_PRODUCTS_DIR)/BlankSpaces.app/BlankSpaces";
			};
			name = Release;
		};
		1E4D52241FAFE2DB004AC8F8 /* Debug */ = {
			isa = XCBuildConfiguration;
			baseConfigurationReference = AFC22ECD6B80527CD3546BF9 /* Pods-BlankSpacesUITests.debug.xcconfig */;
			buildSettings = {
				ALWAYS_EMBED_SWIFT_STANDARD_LIBRARIES = YES;
				CODE_SIGN_STYLE = Automatic;
				DEVELOPMENT_TEAM = Q8WPW9BZ33;
				INFOPLIST_FILE = BlankSpacesUITests/Info.plist;
				LD_RUNPATH_SEARCH_PATHS = "$(inherited) @executable_path/Frameworks @loader_path/Frameworks";
				PRODUCT_BUNDLE_IDENTIFIER = com.gergusa04.BlankSpacesUITests;
				PRODUCT_NAME = "$(TARGET_NAME)";
				SWIFT_VERSION = 4.0;
				TARGETED_DEVICE_FAMILY = "1,2";
				TEST_TARGET_NAME = BlankSpaces;
			};
			name = Debug;
		};
		1E4D52251FAFE2DB004AC8F8 /* Release */ = {
			isa = XCBuildConfiguration;
			baseConfigurationReference = 5722112FA56CFA243F662517 /* Pods-BlankSpacesUITests.release.xcconfig */;
			buildSettings = {
				ALWAYS_EMBED_SWIFT_STANDARD_LIBRARIES = YES;
				CODE_SIGN_STYLE = Automatic;
				DEVELOPMENT_TEAM = Q8WPW9BZ33;
				INFOPLIST_FILE = BlankSpacesUITests/Info.plist;
				LD_RUNPATH_SEARCH_PATHS = "$(inherited) @executable_path/Frameworks @loader_path/Frameworks";
				PRODUCT_BUNDLE_IDENTIFIER = com.gergusa04.BlankSpacesUITests;
				PRODUCT_NAME = "$(TARGET_NAME)";
				SWIFT_VERSION = 4.0;
				TARGETED_DEVICE_FAMILY = "1,2";
				TEST_TARGET_NAME = BlankSpaces;
			};
			name = Release;
		};
/* End XCBuildConfiguration section */

/* Begin XCConfigurationList section */
		1E4D51F01FAFE2DA004AC8F8 /* Build configuration list for PBXProject "BlankSpaces" */ = {
			isa = XCConfigurationList;
			buildConfigurations = (
				1E4D521B1FAFE2DB004AC8F8 /* Debug */,
				1E4D521C1FAFE2DB004AC8F8 /* Release */,
			);
			defaultConfigurationIsVisible = 0;
			defaultConfigurationName = Release;
		};
		1E4D521D1FAFE2DB004AC8F8 /* Build configuration list for PBXNativeTarget "BlankSpaces" */ = {
			isa = XCConfigurationList;
			buildConfigurations = (
				1E4D521E1FAFE2DB004AC8F8 /* Debug */,
				1E4D521F1FAFE2DB004AC8F8 /* Release */,
			);
			defaultConfigurationIsVisible = 0;
			defaultConfigurationName = Release;
		};
		1E4D52201FAFE2DB004AC8F8 /* Build configuration list for PBXNativeTarget "BlankSpacesTests" */ = {
			isa = XCConfigurationList;
			buildConfigurations = (
				1E4D52211FAFE2DB004AC8F8 /* Debug */,
				1E4D52221FAFE2DB004AC8F8 /* Release */,
			);
			defaultConfigurationIsVisible = 0;
			defaultConfigurationName = Release;
		};
		1E4D52231FAFE2DB004AC8F8 /* Build configuration list for PBXNativeTarget "BlankSpacesUITests" */ = {
			isa = XCConfigurationList;
			buildConfigurations = (
				1E4D52241FAFE2DB004AC8F8 /* Debug */,
				1E4D52251FAFE2DB004AC8F8 /* Release */,
			);
			defaultConfigurationIsVisible = 0;
			defaultConfigurationName = Release;
		};
/* End XCConfigurationList section */
	};
	rootObject = 1E4D51ED1FAFE2DA004AC8F8 /* Project object */;
}
