// !$*UTF8*$!
{
	archiveVersion = 1;
	classes = {
	};
	objectVersion = 48;
	objects = {

/* Begin PBXBuildFile section */
		1E4D51F91FAFE2DB004AC8F8 /* AppDelegate.swift in Sources */ = {isa = PBXBuildFile; fileRef = 1E4D51F81FAFE2DB004AC8F8 /* AppDelegate.swift */; };
		1E4D51FB1FAFE2DB004AC8F8 /* ViewController.swift in Sources */ = {isa = PBXBuildFile; fileRef = 1E4D51FA1FAFE2DB004AC8F8 /* ViewController.swift */; };
		1E4D51FE1FAFE2DB004AC8F8 /* Main.storyboard in Resources */ = {isa = PBXBuildFile; fileRef = 1E4D51FC1FAFE2DB004AC8F8 /* Main.storyboard */; };
		1E4D52001FAFE2DB004AC8F8 /* Assets.xcassets in Resources */ = {isa = PBXBuildFile; fileRef = 1E4D51FF1FAFE2DB004AC8F8 /* Assets.xcassets */; };
		1E4D52031FAFE2DB004AC8F8 /* LaunchScreen.storyboard in Resources */ = {isa = PBXBuildFile; fileRef = 1E4D52011FAFE2DB004AC8F8 /* LaunchScreen.storyboard */; };
		1E4D520E1FAFE2DB004AC8F8 /* BlankSpacesTests.swift in Sources */ = {isa = PBXBuildFile; fileRef = 1E4D520D1FAFE2DB004AC8F8 /* BlankSpacesTests.swift */; };
		1E4D52191FAFE2DB004AC8F8 /* BlankSpacesUITests.swift in Sources */ = {isa = PBXBuildFile; fileRef = 1E4D52181FAFE2DB004AC8F8 /* BlankSpacesUITests.swift */; };
/* End PBXBuildFile section */

/* Begin PBXContainerItemProxy section */
		1E4D520A1FAFE2DB004AC8F8 /* PBXContainerItemProxy */ = {
			isa = PBXContainerItemProxy;
			containerPortal = 1E4D51ED1FAFE2DA004AC8F8 /* Project object */;
			proxyType = 1;
			remoteGlobalIDString = 1E4D51F41FAFE2DB004AC8F8;
			remoteInfo = BlankSpaces;
		};
		1E4D52151FAFE2DB004AC8F8 /* PBXContainerItemProxy */ = {
			isa = PBXContainerItemProxy;
			containerPortal = 1E4D51ED1FAFE2DA004AC8F8 /* Project object */;
			proxyType = 1;
			remoteGlobalIDString = 1E4D51F41FAFE2DB004AC8F8;
			remoteInfo = BlankSpaces;
		};
/* End PBXContainerItemProxy section */

/* Begin PBXFileReference section */
		1E4D51F51FAFE2DB004AC8F8 /* BlankSpaces.app */ = {isa = PBXFileReference; explicitFileType = wrapper.application; includeInIndex = 0; path = BlankSpaces.app; sourceTree = BUILT_PRODUCTS_DIR; };
		1E4D51F81FAFE2DB004AC8F8 /* AppDelegate.swift */ = {isa = PBXFileReference; lastKnownFileType = sourcecode.swift; path = AppDelegate.swift; sourceTree = "<group>"; };
		1E4D51FA1FAFE2DB004AC8F8 /* ViewController.swift */ = {isa = PBXFileReference; lastKnownFileType = sourcecode.swift; path = ViewController.swift; sourceTree = "<group>"; };
		1E4D51FD1FAFE2DB004AC8F8 /* Base */ = {isa = PBXFileReference; lastKnownFileType = file.storyboard; name = Base; path = Base.lproj/Main.storyboard; sourceTree = "<group>"; };
		1E4D51FF1FAFE2DB004AC8F8 /* Assets.xcassets */ = {isa = PBXFileReference; lastKnownFileType = folder.assetcatalog; path = Assets.xcassets; sourceTree = "<group>"; };
		1E4D52021FAFE2DB004AC8F8 /* Base */ = {isa = PBXFileReference; lastKnownFileType = file.storyboard; name = Base; path = Base.lproj/LaunchScreen.storyboard; sourceTree = "<group>"; };
		1E4D52041FAFE2DB004AC8F8 /* Info.plist */ = {isa = PBXFileReference; lastKnownFileType = text.plist.xml; path = Info.plist; sourceTree = "<group>"; };
		1E4D52091FAFE2DB004AC8F8 /* BlankSpacesTests.xctest */ = {isa = PBXFileReference; explicitFileType = wrapper.cfbundle; includeInIndex = 0; path = BlankSpacesTests.xctest; sourceTree = BUILT_PRODUCTS_DIR; };
		1E4D520D1FAFE2DB004AC8F8 /* BlankSpacesTests.swift */ = {isa = PBXFileReference; lastKnownFileType = sourcecode.swift; path = BlankSpacesTests.swift; sourceTree = "<group>"; };
		1E4D520F1FAFE2DB004AC8F8 /* Info.plist */ = {isa = PBXFileReference; lastKnownFileType = text.plist.xml; path = Info.plist; sourceTree = "<group>"; };
		1E4D52141FAFE2DB004AC8F8 /* BlankSpacesUITests.xctest */ = {isa = PBXFileReference; explicitFileType = wrapper.cfbundle; includeInIndex = 0; path = BlankSpacesUITests.xctest; sourceTree = BUILT_PRODUCTS_DIR; };
		1E4D52181FAFE2DB004AC8F8 /* BlankSpacesUITests.swift */ = {isa = PBXFileReference; lastKnownFileType = sourcecode.swift; path = BlankSpacesUITests.swift; sourceTree = "<group>"; };
		1E4D521A1FAFE2DB004AC8F8 /* Info.plist */ = {isa = PBXFileReference; lastKnownFileType = text.plist.xml; path = Info.plist; sourceTree = "<group>"; };
/* End PBXFileReference section */

/* Begin PBXFrameworksBuildPhase section */
		1E4D51F21FAFE2DB004AC8F8 /* Frameworks */ = {
			isa = PBXFrameworksBuildPhase;
			buildActionMask = 2147483647;
			files = (
			);
			runOnlyForDeploymentPostprocessing = 0;
		};
		1E4D52061FAFE2DB004AC8F8 /* Frameworks */ = {
			isa = PBXFrameworksBuildPhase;
			buildActionMask = 2147483647;
			files = (
			);
			runOnlyForDeploymentPostprocessing = 0;
		};
		1E4D52111FAFE2DB004AC8F8 /* Frameworks */ = {
			isa = PBXFrameworksBuildPhase;
			buildActionMask = 2147483647;
			files = (
			);
			runOnlyForDeploymentPostprocessing = 0;
		};
/* End PBXFrameworksBuildPhase section */

/* Begin PBXGroup section */
		1E4D51EC1FAFE2DA004AC8F8 = {
			isa = PBXGroup;
			children = (
				1E4D51F71FAFE2DB004AC8F8 /* BlankSpaces */,
				1E4D520C1FAFE2DB004AC8F8 /* BlankSpacesTests */,
				1E4D52171FAFE2DB004AC8F8 /* BlankSpacesUITests */,
				1E4D51F61FAFE2DB004AC8F8 /* Products */,
			);
			sourceTree = "<group>";
		};
		1E4D51F61FAFE2DB004AC8F8 /* Products */ = {
			isa = PBXGroup;
			children = (
				1E4D51F51FAFE2DB004AC8F8 /* BlankSpaces.app */,
				1E4D52091FAFE2DB004AC8F8 /* BlankSpacesTests.xctest */,
				1E4D52141FAFE2DB004AC8F8 /* BlankSpacesUITests.xctest */,
			);
			name = Products;
			sourceTree = "<group>";
		};
		1E4D51F71FAFE2DB004AC8F8 /* BlankSpaces */ = {
			isa = PBXGroup;
			children = (
				1E4D51F81FAFE2DB004AC8F8 /* AppDelegate.swift */,
				1E4D51FA1FAFE2DB004AC8F8 /* ViewController.swift */,
				1E4D51FC1FAFE2DB004AC8F8 /* Main.storyboard */,
				1E4D51FF1FAFE2DB004AC8F8 /* Assets.xcassets */,
				1E4D52011FAFE2DB004AC8F8 /* LaunchScreen.storyboard */,
				1E4D52041FAFE2DB004AC8F8 /* Info.plist */,
			);
			path = BlankSpaces;
			sourceTree = "<group>";
		};
		1E4D520C1FAFE2DB004AC8F8 /* BlankSpacesTests */ = {
			isa = PBXGroup;
			children = (
				1E4D520D1FAFE2DB004AC8F8 /* BlankSpacesTests.swift */,
				1E4D520F1FAFE2DB004AC8F8 /* Info.plist */,
			);
			path = BlankSpacesTests;
			sourceTree = "<group>";
		};
		1E4D52171FAFE2DB004AC8F8 /* BlankSpacesUITests */ = {
			isa = PBXGroup;
			children = (
				1E4D52181FAFE2DB004AC8F8 /* BlankSpacesUITests.swift */,
				1E4D521A1FAFE2DB004AC8F8 /* Info.plist */,
			);
			path = BlankSpacesUITests;
			sourceTree = "<group>";
		};
/* End PBXGroup section */

/* Begin PBXNativeTarget section */
		1E4D51F41FAFE2DB004AC8F8 /* BlankSpaces */ = {
			isa = PBXNativeTarget;
			buildConfigurationList = 1E4D521D1FAFE2DB004AC8F8 /* Build configuration list for PBXNativeTarget "BlankSpaces" */;
			buildPhases = (
				1E4D51F11FAFE2DB004AC8F8 /* Sources */,
				1E4D51F21FAFE2DB004AC8F8 /* Frameworks */,
				1E4D51F31FAFE2DB004AC8F8 /* Resources */,
			);
			buildRules = (
			);
			dependencies = (
			);
			name = BlankSpaces;
			productName = BlankSpaces;
			productReference = 1E4D51F51FAFE2DB004AC8F8 /* BlankSpaces.app */;
			productType = "com.apple.product-type.application";
		};
		1E4D52081FAFE2DB004AC8F8 /* BlankSpacesTests */ = {
			isa = PBXNativeTarget;
			buildConfigurationList = 1E4D52201FAFE2DB004AC8F8 /* Build configuration list for PBXNativeTarget "BlankSpacesTests" */;
			buildPhases = (
				1E4D52051FAFE2DB004AC8F8 /* Sources */,
				1E4D52061FAFE2DB004AC8F8 /* Frameworks */,
				1E4D52071FAFE2DB004AC8F8 /* Resources */,
			);
			buildRules = (
			);
			dependencies = (
				1E4D520B1FAFE2DB004AC8F8 /* PBXTargetDependency */,
			);
			name = BlankSpacesTests;
			productName = BlankSpacesTests;
			productReference = 1E4D52091FAFE2DB004AC8F8 /* BlankSpacesTests.xctest */;
			productType = "com.apple.product-type.bundle.unit-test";
		};
		1E4D52131FAFE2DB004AC8F8 /* BlankSpacesUITests */ = {
			isa = PBXNativeTarget;
			buildConfigurationList = 1E4D52231FAFE2DB004AC8F8 /* Build configuration list for PBXNativeTarget "BlankSpacesUITests" */;
			buildPhases = (
				1E4D52101FAFE2DB004AC8F8 /* Sources */,
				1E4D52111FAFE2DB004AC8F8 /* Frameworks */,
				1E4D52121FAFE2DB004AC8F8 /* Resources */,
			);
			buildRules = (
			);
			dependencies = (
				1E4D52161FAFE2DB004AC8F8 /* PBXTargetDependency */,
			);
			name = BlankSpacesUITests;
			productName = BlankSpacesUITests;
			productReference = 1E4D52141FAFE2DB004AC8F8 /* BlankSpacesUITests.xctest */;
			productType = "com.apple.product-type.bundle.ui-testing";
		};
/* End PBXNativeTarget section */

/* Begin PBXProject section */
		1E4D51ED1FAFE2DA004AC8F8 /* Project object */ = {
			isa = PBXProject;
			attributes = {
				LastSwiftUpdateCheck = 0910;
				LastUpgradeCheck = 0910;
				ORGANIZATIONNAME = "Greg Weiss";
				TargetAttributes = {
					1E4D51F41FAFE2DB004AC8F8 = {
						CreatedOnToolsVersion = 9.1;
						ProvisioningStyle = Automatic;
					};
					1E4D52081FAFE2DB004AC8F8 = {
						CreatedOnToolsVersion = 9.1;
						ProvisioningStyle = Automatic;
						TestTargetID = 1E4D51F41FAFE2DB004AC8F8;
					};
					1E4D52131FAFE2DB004AC8F8 = {
						CreatedOnToolsVersion = 9.1;
						ProvisioningStyle = Automatic;
						TestTargetID = 1E4D51F41FAFE2DB004AC8F8;
					};
				};
			};
			buildConfigurationList = 1E4D51F01FAFE2DA004AC8F8 /* Build configuration list for PBXProject "BlankSpaces" */;
			compatibilityVersion = "Xcode 8.0";
			developmentRegion = en;
			hasScannedForEncodings = 0;
			knownRegions = (
				en,
				Base,
			);
			mainGroup = 1E4D51EC1FAFE2DA004AC8F8;
			productRefGroup = 1E4D51F61FAFE2DB004AC8F8 /* Products */;
			projectDirPath = "";
			projectRoot = "";
			targets = (
				1E4D51F41FAFE2DB004AC8F8 /* BlankSpaces */,
				1E4D52081FAFE2DB004AC8F8 /* BlankSpacesTests */,
				1E4D52131FAFE2DB004AC8F8 /* BlankSpacesUITests */,
			);
		};
/* End PBXProject section */

/* Begin PBXResourcesBuildPhase section */
		1E4D51F31FAFE2DB004AC8F8 /* Resources */ = {
			isa = PBXResourcesBuildPhase;
			buildActionMask = 2147483647;
			files = (
				1E4D52031FAFE2DB004AC8F8 /* LaunchScreen.storyboard in Resources */,
				1E4D52001FAFE2DB004AC8F8 /* Assets.xcassets in Resources */,
				1E4D51FE1FAFE2DB004AC8F8 /* Main.storyboard in Resources */,
			);
			runOnlyForDeploymentPostprocessing = 0;
		};
		1E4D52071FAFE2DB004AC8F8 /* Resources */ = {
			isa = PBXResourcesBuildPhase;
			buildActionMask = 2147483647;
			files = (
			);
			runOnlyForDeploymentPostprocessing = 0;
		};
		1E4D52121FAFE2DB004AC8F8 /* Resources */ = {
			isa = PBXResourcesBuildPhase;
			buildActionMask = 2147483647;
			files = (
			);
			runOnlyForDeploymentPostprocessing = 0;
		};
/* End PBXResourcesBuildPhase section */

/* Begin PBXSourcesBuildPhase section */
		1E4D51F11FAFE2DB004AC8F8 /* Sources */ = {
			isa = PBXSourcesBuildPhase;
			buildActionMask = 2147483647;
			files = (
				1E4D51FB1FAFE2DB004AC8F8 /* ViewController.swift in Sources */,
				1E4D51F91FAFE2DB004AC8F8 /* AppDelegate.swift in Sources */,
			);
			runOnlyForDeploymentPostprocessing = 0;
		};
		1E4D52051FAFE2DB004AC8F8 /* Sources */ = {
			isa = PBXSourcesBuildPhase;
			buildActionMask = 2147483647;
			files = (
				1E4D520E1FAFE2DB004AC8F8 /* BlankSpacesTests.swift in Sources */,
			);
			runOnlyForDeploymentPostprocessing = 0;
		};
		1E4D52101FAFE2DB004AC8F8 /* Sources */ = {
			isa = PBXSourcesBuildPhase;
			buildActionMask = 2147483647;
			files = (
				1E4D52191FAFE2DB004AC8F8 /* BlankSpacesUITests.swift in Sources */,
			);
			runOnlyForDeploymentPostprocessing = 0;
		};
/* End PBXSourcesBuildPhase section */

/* Begin PBXTargetDependency section */
		1E4D520B1FAFE2DB004AC8F8 /* PBXTargetDependency */ = {
			isa = PBXTargetDependency;
			target = 1E4D51F41FAFE2DB004AC8F8 /* BlankSpaces */;
			targetProxy = 1E4D520A1FAFE2DB004AC8F8 /* PBXContainerItemProxy */;
		};
		1E4D52161FAFE2DB004AC8F8 /* PBXTargetDependency */ = {
			isa = PBXTargetDependency;
			target = 1E4D51F41FAFE2DB004AC8F8 /* BlankSpaces */;
			targetProxy = 1E4D52151FAFE2DB004AC8F8 /* PBXContainerItemProxy */;
		};
/* End PBXTargetDependency section */

/* Begin PBXVariantGroup section */
		1E4D51FC1FAFE2DB004AC8F8 /* Main.storyboard */ = {
			isa = PBXVariantGroup;
			children = (
				1E4D51FD1FAFE2DB004AC8F8 /* Base */,
			);
			name = Main.storyboard;
			sourceTree = "<group>";
		};
		1E4D52011FAFE2DB004AC8F8 /* LaunchScreen.storyboard */ = {
			isa = PBXVariantGroup;
			children = (
				1E4D52021FAFE2DB004AC8F8 /* Base */,
			);
			name = LaunchScreen.storyboard;
			sourceTree = "<group>";
		};
/* End PBXVariantGroup section */

/* Begin XCBuildConfiguration section */
		1E4D521B1FAFE2DB004AC8F8 /* Debug */ = {
			isa = XCBuildConfiguration;
			buildSettings = {
				ALWAYS_SEARCH_USER_PATHS = NO;
				CLANG_ANALYZER_NONNULL = YES;
				CLANG_ANALYZER_NUMBER_OBJECT_CONVERSION = YES_AGGRESSIVE;
				CLANG_CXX_LANGUAGE_STANDARD = "gnu++14";
				CLANG_CXX_LIBRARY = "libc++";
				CLANG_ENABLE_MODULES = YES;
				CLANG_ENABLE_OBJC_ARC = YES;
				CLANG_WARN_BLOCK_CAPTURE_AUTORELEASING = YES;
				CLANG_WARN_BOOL_CONVERSION = YES;
				CLANG_WARN_COMMA = YES;
				CLANG_WARN_CONSTANT_CONVERSION = YES;
				CLANG_WARN_DIRECT_OBJC_ISA_USAGE = YES_ERROR;
				CLANG_WARN_DOCUMENTATION_COMMENTS = YES;
				CLANG_WARN_EMPTY_BODY = YES;
				CLANG_WARN_ENUM_CONVERSION = YES;
				CLANG_WARN_INFINITE_RECURSION = YES;
				CLANG_WARN_INT_CONVERSION = YES;
				CLANG_WARN_NON_LITERAL_NULL_CONVERSION = YES;
				CLANG_WARN_OBJC_LITERAL_CONVERSION = YES;
				CLANG_WARN_OBJC_ROOT_CLASS = YES_ERROR;
				CLANG_WARN_RANGE_LOOP_ANALYSIS = YES;
				CLANG_WARN_STRICT_PROTOTYPES = YES;
				CLANG_WARN_SUSPICIOUS_MOVE = YES;
				CLANG_WARN_UNGUARDED_AVAILABILITY = YES_AGGRESSIVE;
				CLANG_WARN_UNREACHABLE_CODE = YES;
				CLANG_WARN__DUPLICATE_METHOD_MATCH = YES;
				CODE_SIGN_IDENTITY = "iPhone Developer";
				COPY_PHASE_STRIP = NO;
				DEBUG_INFORMATION_FORMAT = dwarf;
				ENABLE_STRICT_OBJC_MSGSEND = YES;
				ENABLE_TESTABILITY = YES;
				GCC_C_LANGUAGE_STANDARD = gnu11;
				GCC_DYNAMIC_NO_PIC = NO;
				GCC_NO_COMMON_BLOCKS = YES;
				GCC_OPTIMIZATION_LEVEL = 0;
				GCC_PREPROCESSOR_DEFINITIONS = (
					"DEBUG=1",
					"$(inherited)",
				);
				GCC_WARN_64_TO_32_BIT_CONVERSION = YES;
				GCC_WARN_ABOUT_RETURN_TYPE = YES_ERROR;
				GCC_WARN_UNDECLARED_SELECTOR = YES;
				GCC_WARN_UNINITIALIZED_AUTOS = YES_AGGRESSIVE;
				GCC_WARN_UNUSED_FUNCTION = YES;
				GCC_WARN_UNUSED_VARIABLE = YES;
				IPHONEOS_DEPLOYMENT_TARGET = 11.1;
				MTL_ENABLE_DEBUG_INFO = YES;
				ONLY_ACTIVE_ARCH = YES;
				SDKROOT = iphoneos;
				SWIFT_ACTIVE_COMPILATION_CONDITIONS = DEBUG;
				SWIFT_OPTIMIZATION_LEVEL = "-Onone";
			};
			name = Debug;
		};
		1E4D521C1FAFE2DB004AC8F8 /* Release */ = {
			isa = XCBuildConfiguration;
			buildSettings = {
				ALWAYS_SEARCH_USER_PATHS = NO;
				CLANG_ANALYZER_NONNULL = YES;
				CLANG_ANALYZER_NUMBER_OBJECT_CONVERSION = YES_AGGRESSIVE;
				CLANG_CXX_LANGUAGE_STANDARD = "gnu++14";
				CLANG_CXX_LIBRARY = "libc++";
				CLANG_ENABLE_MODULES = YES;
				CLANG_ENABLE_OBJC_ARC = YES;
				CLANG_WARN_BLOCK_CAPTURE_AUTORELEASING = YES;
				CLANG_WARN_BOOL_CONVERSION = YES;
				CLANG_WARN_COMMA = YES;
				CLANG_WARN_CONSTANT_CONVERSION = YES;
				CLANG_WARN_DIRECT_OBJC_ISA_USAGE = YES_ERROR;
				CLANG_WARN_DOCUMENTATION_COMMENTS = YES;
				CLANG_WARN_EMPTY_BODY = YES;
				CLANG_WARN_ENUM_CONVERSION = YES;
				CLANG_WARN_INFINITE_RECURSION = YES;
				CLANG_WARN_INT_CONVERSION = YES;
				CLANG_WARN_NON_LITERAL_NULL_CONVERSION = YES;
				CLANG_WARN_OBJC_LITERAL_CONVERSION = YES;
				CLANG_WARN_OBJC_ROOT_CLASS = YES_ERROR;
				CLANG_WARN_RANGE_LOOP_ANALYSIS = YES;
				CLANG_WARN_STRICT_PROTOTYPES = YES;
				CLANG_WARN_SUSPICIOUS_MOVE = YES;
				CLANG_WARN_UNGUARDED_AVAILABILITY = YES_AGGRESSIVE;
				CLANG_WARN_UNREACHABLE_CODE = YES;
				CLANG_WARN__DUPLICATE_METHOD_MATCH = YES;
				CODE_SIGN_IDENTITY = "iPhone Developer";
				COPY_PHASE_STRIP = NO;
				DEBUG_INFORMATION_FORMAT = "dwarf-with-dsym";
				ENABLE_NS_ASSERTIONS = NO;
				ENABLE_STRICT_OBJC_MSGSEND = YES;
				GCC_C_LANGUAGE_STANDARD = gnu11;
				GCC_NO_COMMON_BLOCKS = YES;
				GCC_WARN_64_TO_32_BIT_CONVERSION = YES;
				GCC_WARN_ABOUT_RETURN_TYPE = YES_ERROR;
				GCC_WARN_UNDECLARED_SELECTOR = YES;
				GCC_WARN_UNINITIALIZED_AUTOS = YES_AGGRESSIVE;
				GCC_WARN_UNUSED_FUNCTION = YES;
				GCC_WARN_UNUSED_VARIABLE = YES;
				IPHONEOS_DEPLOYMENT_TARGET = 11.1;
				MTL_ENABLE_DEBUG_INFO = NO;
				SDKROOT = iphoneos;
				SWIFT_OPTIMIZATION_LEVEL = "-Owholemodule";
				VALIDATE_PRODUCT = YES;
			};
			name = Release;
		};
		1E4D521E1FAFE2DB004AC8F8 /* Debug */ = {
			isa = XCBuildConfiguration;
			buildSettings = {
				ASSETCATALOG_COMPILER_APPICON_NAME = AppIcon;
				CODE_SIGN_STYLE = Automatic;
				DEVELOPMENT_TEAM = Q8WPW9BZ33;
				INFOPLIST_FILE = BlankSpaces/Info.plist;
				LD_RUNPATH_SEARCH_PATHS = "$(inherited) @executable_path/Frameworks";
				PRODUCT_BUNDLE_IDENTIFIER = com.gergusa04.BlankSpaces;
				PRODUCT_NAME = "$(TARGET_NAME)";
				SWIFT_VERSION = 4.0;
				TARGETED_DEVICE_FAMILY = "1,2";
			};
			name = Debug;
		};
		1E4D521F1FAFE2DB004AC8F8 /* Release */ = {
			isa = XCBuildConfiguration;
			buildSettings = {
				ASSETCATALOG_COMPILER_APPICON_NAME = AppIcon;
				CODE_SIGN_STYLE = Automatic;
				DEVELOPMENT_TEAM = Q8WPW9BZ33;
				INFOPLIST_FILE = BlankSpaces/Info.plist;
				LD_RUNPATH_SEARCH_PATHS = "$(inherited) @executable_path/Frameworks";
				PRODUCT_BUNDLE_IDENTIFIER = com.gergusa04.BlankSpaces;
				PRODUCT_NAME = "$(TARGET_NAME)";
				SWIFT_VERSION = 4.0;
				TARGETED_DEVICE_FAMILY = "1,2";
			};
			name = Release;
		};
		1E4D52211FAFE2DB004AC8F8 /* Debug */ = {
			isa = XCBuildConfiguration;
			buildSettings = {
				ALWAYS_EMBED_SWIFT_STANDARD_LIBRARIES = YES;
				BUNDLE_LOADER = "$(TEST_HOST)";
				CODE_SIGN_STYLE = Automatic;
				DEVELOPMENT_TEAM = Q8WPW9BZ33;
				INFOPLIST_FILE = BlankSpacesTests/Info.plist;
				LD_RUNPATH_SEARCH_PATHS = "$(inherited) @executable_path/Frameworks @loader_path/Frameworks";
				PRODUCT_BUNDLE_IDENTIFIER = com.gergusa04.BlankSpacesTests;
				PRODUCT_NAME = "$(TARGET_NAME)";
				SWIFT_VERSION = 4.0;
				TARGETED_DEVICE_FAMILY = "1,2";
				TEST_HOST = "$(BUILT_PRODUCTS_DIR)/BlankSpaces.app/BlankSpaces";
			};
			name = Debug;
		};
		1E4D52221FAFE2DB004AC8F8 /* Release */ = {
			isa = XCBuildConfiguration;
			buildSettings = {
				ALWAYS_EMBED_SWIFT_STANDARD_LIBRARIES = YES;
				BUNDLE_LOADER = "$(TEST_HOST)";
				CODE_SIGN_STYLE = Automatic;
				DEVELOPMENT_TEAM = Q8WPW9BZ33;
				INFOPLIST_FILE = BlankSpacesTests/Info.plist;
				LD_RUNPATH_SEARCH_PATHS = "$(inherited) @executable_path/Frameworks @loader_path/Frameworks";
				PRODUCT_BUNDLE_IDENTIFIER = com.gergusa04.BlankSpacesTests;
				PRODUCT_NAME = "$(TARGET_NAME)";
				SWIFT_VERSION = 4.0;
				TARGETED_DEVICE_FAMILY = "1,2";
				TEST_HOST = "$(BUILT_PRODUCTS_DIR)/BlankSpaces.app/BlankSpaces";
			};
			name = Release;
		};
		1E4D52241FAFE2DB004AC8F8 /* Debug */ = {
			isa = XCBuildConfiguration;
			buildSettings = {
				ALWAYS_EMBED_SWIFT_STANDARD_LIBRARIES = YES;
				CODE_SIGN_STYLE = Automatic;
				DEVELOPMENT_TEAM = Q8WPW9BZ33;
				INFOPLIST_FILE = BlankSpacesUITests/Info.plist;
				LD_RUNPATH_SEARCH_PATHS = "$(inherited) @executable_path/Frameworks @loader_path/Frameworks";
				PRODUCT_BUNDLE_IDENTIFIER = com.gergusa04.BlankSpacesUITests;
				PRODUCT_NAME = "$(TARGET_NAME)";
				SWIFT_VERSION = 4.0;
				TARGETED_DEVICE_FAMILY = "1,2";
				TEST_TARGET_NAME = BlankSpaces;
			};
			name = Debug;
		};
		1E4D52251FAFE2DB004AC8F8 /* Release */ = {
			isa = XCBuildConfiguration;
			buildSettings = {
				ALWAYS_EMBED_SWIFT_STANDARD_LIBRARIES = YES;
				CODE_SIGN_STYLE = Automatic;
				DEVELOPMENT_TEAM = Q8WPW9BZ33;
				INFOPLIST_FILE = BlankSpacesUITests/Info.plist;
				LD_RUNPATH_SEARCH_PATHS = "$(inherited) @executable_path/Frameworks @loader_path/Frameworks";
				PRODUCT_BUNDLE_IDENTIFIER = com.gergusa04.BlankSpacesUITests;
				PRODUCT_NAME = "$(TARGET_NAME)";
				SWIFT_VERSION = 4.0;
				TARGETED_DEVICE_FAMILY = "1,2";
				TEST_TARGET_NAME = BlankSpaces;
			};
			name = Release;
		};
/* End XCBuildConfiguration section */

/* Begin XCConfigurationList section */
		1E4D51F01FAFE2DA004AC8F8 /* Build configuration list for PBXProject "BlankSpaces" */ = {
			isa = XCConfigurationList;
			buildConfigurations = (
				1E4D521B1FAFE2DB004AC8F8 /* Debug */,
				1E4D521C1FAFE2DB004AC8F8 /* Release */,
			);
			defaultConfigurationIsVisible = 0;
			defaultConfigurationName = Release;
		};
		1E4D521D1FAFE2DB004AC8F8 /* Build configuration list for PBXNativeTarget "BlankSpaces" */ = {
			isa = XCConfigurationList;
			buildConfigurations = (
				1E4D521E1FAFE2DB004AC8F8 /* Debug */,
				1E4D521F1FAFE2DB004AC8F8 /* Release */,
			);
			defaultConfigurationIsVisible = 0;
			defaultConfigurationName = Release;
		};
		1E4D52201FAFE2DB004AC8F8 /* Build configuration list for PBXNativeTarget "BlankSpacesTests" */ = {
			isa = XCConfigurationList;
			buildConfigurations = (
				1E4D52211FAFE2DB004AC8F8 /* Debug */,
				1E4D52221FAFE2DB004AC8F8 /* Release */,
			);
			defaultConfigurationIsVisible = 0;
			defaultConfigurationName = Release;
		};
		1E4D52231FAFE2DB004AC8F8 /* Build configuration list for PBXNativeTarget "BlankSpacesUITests" */ = {
			isa = XCConfigurationList;
			buildConfigurations = (
				1E4D52241FAFE2DB004AC8F8 /* Debug */,
				1E4D52251FAFE2DB004AC8F8 /* Release */,
			);
			defaultConfigurationIsVisible = 0;
			defaultConfigurationName = Release;
		};
/* End XCConfigurationList section */
	};
	rootObject = 1E4D51ED1FAFE2DA004AC8F8 /* Project object */;
}
